
Microsoft Visual Studio Solution File, Format Version 12.00
# Visual Studio Version 17
VisualStudioVersion = 17.14.36414.22 d17.14
MinimumVisualStudioVersion = 10.0.40219.1
Project("{FAE04EC0-301F-11D3-BF4B-00C04F79EFBC}") = "HotelManagementSystem", "HotelManagementSystem\HotelManagementSystem.csproj", "{A0F90658-5FA8-4F36-8451-3D20386D577F}"
EndProject
Global
	GlobalSection(SolutionConfigurationPlatforms) = preSolution
		Debug|Any CPU = Debug|Any CPU
		Release|Any CPU = Release|Any CPU
	EndGlobalSection
	GlobalSection(ProjectConfigurationPlatforms) = postSolution
		{A0F90658-5FA8-4F36-8451-3D20386D577F}.Debug|Any CPU.ActiveCfg = Debug|Any CPU
		{A0F90658-5FA8-4F36-8451-3D20386D577F}.Debug|Any CPU.Build.0 = Debug|Any CPU
		{A0F90658-5FA8-4F36-8451-3D20386D577F}.Release|Any CPU.ActiveCfg = Release|Any CPU
		{A0F90658-5FA8-4F36-8451-3D20386D577F}.Release|Any CPU.Build.0 = Release|Any CPU
	EndGlobalSection
	GlobalSection(SolutionProperties) = preSolution
		HideSolutionNode = FALSE
	EndGlobalSection
	GlobalSection(ExtensibilityGlobals) = postSolution
		SolutionGuid = {8038BEBF-049F-42E3-A8E1-C364EC85AC61}
	EndGlobalSection
EndGlobal
